
Microsoft Visual Studio Solution File, Format Version 12.00
# Visual Studio Version 16
VisualStudioVersion = 16.0.31005.135
MinimumVisualStudioVersion = 10.0.40219.1
Project("{FAE04EC0-301F-11D3-BF4B-00C04F79EFBC}") = "Stadis.Intelligence.Web", "Stadis.Intelligence.Web\Stadis.Intelligence.Web.csproj", "{BA477721-2FD5-4577-8699-F866C04B6B56}"
EndProject
Project("{FAE04EC0-301F-11D3-BF4B-00C04F79EFBC}") = "Stadis.Intelligence.Service", "Stadis.Intelligence.Service\Stadis.Intelligence.Service.csproj", "{779CA67B-6012-42EE-AFB5-79FAF254E408}"
EndProject
Project("{FAE04EC0-301F-11D3-BF4B-00C04F79EFBC}") = "Stadis.Intelligence.Data", "Stadis.Intelligence.Data\Stadis.Intelligence.Data.csproj", "{399CA7B8-9C77-464A-A477-907592CFBAA6}"
EndProject
Global
	GlobalSection(SolutionConfigurationPlatforms) = preSolution
		Debug|Any CPU = Debug|Any CPU
		Release|Any CPU = Release|Any CPU
	EndGlobalSection
	GlobalSection(ProjectConfigurationPlatforms) = postSolution
		{BA477721-2FD5-4577-8699-F866C04B6B56}.Debug|Any CPU.ActiveCfg = Debug|Any CPU
		{BA477721-2FD5-4577-8699-F866C04B6B56}.Debug|Any CPU.Build.0 = Debug|Any CPU
		{BA477721-2FD5-4577-8699-F866C04B6B56}.Release|Any CPU.ActiveCfg = Release|Any CPU
		{BA477721-2FD5-4577-8699-F866C04B6B56}.Release|Any CPU.Build.0 = Release|Any CPU
		{779CA67B-6012-42EE-AFB5-79FAF254E408}.Debug|Any CPU.ActiveCfg = Debug|Any CPU
		{779CA67B-6012-42EE-AFB5-79FAF254E408}.Debug|Any CPU.Build.0 = Debug|Any CPU
		{779CA67B-6012-42EE-AFB5-79FAF254E408}.Release|Any CPU.ActiveCfg = Release|Any CPU
		{779CA67B-6012-42EE-AFB5-79FAF254E408}.Release|Any CPU.Build.0 = Release|Any CPU
		{399CA7B8-9C77-464A-A477-907592CFBAA6}.Debug|Any CPU.ActiveCfg = Debug|Any CPU
		{399CA7B8-9C77-464A-A477-907592CFBAA6}.Debug|Any CPU.Build.0 = Debug|Any CPU
		{399CA7B8-9C77-464A-A477-907592CFBAA6}.Release|Any CPU.ActiveCfg = Release|Any CPU
		{399CA7B8-9C77-464A-A477-907592CFBAA6}.Release|Any CPU.Build.0 = Release|Any CPU
	EndGlobalSection
	GlobalSection(SolutionProperties) = preSolution
		HideSolutionNode = FALSE
	EndGlobalSection
	GlobalSection(ExtensibilityGlobals) = postSolution
		SolutionGuid = {B12AD19F-77C2-4832-B552-0F34DA799ECA}
	EndGlobalSection
EndGlobal
